
Microsoft Visual Studio Solution File, Format Version 12.00
# Visual Studio Version 17
VisualStudioVersion = 17.3.32819.101
MinimumVisualStudioVersion = 10.0.40219.1
Project("{FAE04EC0-301F-11D3-BF4B-00C04F79EFBC}") = "ChatHub", "ChatHub\ChatHub.csproj", "{D28CFBAF-1601-4317-960C-DBD1BBB4DB56}"
EndProject
Global
	GlobalSection(SolutionConfigurationPlatforms) = preSolution
		Debug|Any CPU = Debug|Any CPU
		Release|Any CPU = Release|Any CPU
	EndGlobalSection
	GlobalSection(ProjectConfigurationPlatforms) = postSolution
		{D28CFBAF-1601-4317-960C-DBD1BBB4DB56}.Debug|Any CPU.ActiveCfg = Debug|Any CPU
		{D28CFBAF-1601-4317-960C-DBD1BBB4DB56}.Debug|Any CPU.Build.0 = Debug|Any CPU
		{D28CFBAF-1601-4317-960C-DBD1BBB4DB56}.Release|Any CPU.ActiveCfg = Release|Any CPU
		{D28CFBAF-1601-4317-960C-DBD1BBB4DB56}.Release|Any CPU.Build.0 = Release|Any CPU
	EndGlobalSection
	GlobalSection(SolutionProperties) = preSolution
		HideSolutionNode = FALSE
	EndGlobalSection
	GlobalSection(ExtensibilityGlobals) = postSolution
		SolutionGuid = {81D73D2F-CBA7-4E50-BD6C-667796990201}
	EndGlobalSection
EndGlobal
