
Microsoft Visual Studio Solution File, Format Version 12.00
# Visual Studio Version 16
VisualStudioVersion = 16.0.31005.135
MinimumVisualStudioVersion = 10.0.40219.1
Project("{FAE04EC0-301F-11D3-BF4B-00C04F79EFBC}") = "testsignalr", "testsignalr\testsignalr.csproj", "{88DDDB9A-D65B-4676-8805-C465104D1CD8}"
EndProject
Global
	GlobalSection(SolutionConfigurationPlatforms) = preSolution
		Debug|Any CPU = Debug|Any CPU
		Release|Any CPU = Release|Any CPU
	EndGlobalSection
	GlobalSection(ProjectConfigurationPlatforms) = postSolution
		{88DDDB9A-D65B-4676-8805-C465104D1CD8}.Debug|Any CPU.ActiveCfg = Debug|Any CPU
		{88DDDB9A-D65B-4676-8805-C465104D1CD8}.Debug|Any CPU.Build.0 = Debug|Any CPU
		{88DDDB9A-D65B-4676-8805-C465104D1CD8}.Release|Any CPU.ActiveCfg = Release|Any CPU
		{88DDDB9A-D65B-4676-8805-C465104D1CD8}.Release|Any CPU.Build.0 = Release|Any CPU
	EndGlobalSection
	GlobalSection(SolutionProperties) = preSolution
		HideSolutionNode = FALSE
	EndGlobalSection
	GlobalSection(ExtensibilityGlobals) = postSolution
		SolutionGuid = {EEA0053E-0FDA-424E-AAC8-4B278DCFB8E1}
	EndGlobalSection
EndGlobal
